
Microsoft Visual Studio Solution File, Format Version 12.00
# Visual Studio 15
VisualStudioVersion = 15.0.28307.902
MinimumVisualStudioVersion = 10.0.40219.1
Project("{FAE04EC0-301F-11D3-BF4B-00C04F79EFBC}") = "CheckInStation", "CheckInStation\CheckInStation.csproj", "{A81347E3-6BFA-4658-97EF-DE380925FDCD}"
EndProject
Global
	GlobalSection(SolutionConfigurationPlatforms) = preSolution
		Debug|Any CPU = Debug|Any CPU
		Debug|x86 = Debug|x86
		Release|Any CPU = Release|Any CPU
		Release|x86 = Release|x86
	EndGlobalSection
	GlobalSection(ProjectConfigurationPlatforms) = postSolution
		{A81347E3-6BFA-4658-97EF-DE380925FDCD}.Debug|Any CPU.ActiveCfg = Debug|Any CPU
		{A81347E3-6BFA-4658-97EF-DE380925FDCD}.Debug|Any CPU.Build.0 = Debug|Any CPU
		{A81347E3-6BFA-4658-97EF-DE380925FDCD}.Debug|x86.ActiveCfg = Debug|Any CPU
		{A81347E3-6BFA-4658-97EF-DE380925FDCD}.Debug|x86.Build.0 = Debug|Any CPU
		{A81347E3-6BFA-4658-97EF-DE380925FDCD}.Release|Any CPU.ActiveCfg = Release|Any CPU
		{A81347E3-6BFA-4658-97EF-DE380925FDCD}.Release|Any CPU.Build.0 = Release|Any CPU
		{A81347E3-6BFA-4658-97EF-DE380925FDCD}.Release|x86.ActiveCfg = Release|x86
		{A81347E3-6BFA-4658-97EF-DE380925FDCD}.Release|x86.Build.0 = Release|x86
	EndGlobalSection
	GlobalSection(SolutionProperties) = preSolution
		HideSolutionNode = FALSE
	EndGlobalSection
	GlobalSection(ExtensibilityGlobals) = postSolution
		SolutionGuid = {79D0D281-A34C-40B8-8828-D79480AD1BAD}
	EndGlobalSection
EndGlobal
